
Microsoft Visual Studio Solution File, Format Version 12.00
# Visual Studio 15
VisualStudioVersion = 15.0.28010.2026
MinimumVisualStudioVersion = 10.0.40219.1
Project("{FAE04EC0-301F-11D3-BF4B-00C04F79EFBC}") = "WebService", "Test\WebService.csproj", "{8BC8E093-FF54-401F-896E-D3E90F03A99F}"
EndProject
Project("{FAE04EC0-301F-11D3-BF4B-00C04F79EFBC}") = "Domain", "Domain\Domain.csproj", "{A185B74C-2346-426E-8039-3FDDD674947A}"
EndProject
Project("{FAE04EC0-301F-11D3-BF4B-00C04F79EFBC}") = "Services", "Services\Services.csproj", "{1D299DF8-A12B-4651-BA76-CBE1E1E57D93}"
EndProject
Project("{FAE04EC0-301F-11D3-BF4B-00C04F79EFBC}") = "WebService.Service", "WebService.Service\WebService.Service.csproj", "{C4AC2563-7323-46EC-817F-E8D16B271BBA}"
EndProject
Project("{FAE04EC0-301F-11D3-BF4B-00C04F79EFBC}") = "WebService.Interfaces", "WebService.Interfaces\WebService.Interfaces.csproj", "{6BA5138C-28C9-4967-B8C8-AC29576A4870}"
EndProject
Project("{FAE04EC0-301F-11D3-BF4B-00C04F79EFBC}") = "Data", "Data\Data.csproj", "{A1F99F75-BCA6-4C4A-A822-46D2CC1ACB20}"
EndProject
Global
	GlobalSection(SolutionConfigurationPlatforms) = preSolution
		Debug|Any CPU = Debug|Any CPU
		Release|Any CPU = Release|Any CPU
	EndGlobalSection
	GlobalSection(ProjectConfigurationPlatforms) = postSolution
		{8BC8E093-FF54-401F-896E-D3E90F03A99F}.Debug|Any CPU.ActiveCfg = Debug|Any CPU
		{8BC8E093-FF54-401F-896E-D3E90F03A99F}.Debug|Any CPU.Build.0 = Debug|Any CPU
		{8BC8E093-FF54-401F-896E-D3E90F03A99F}.Release|Any CPU.ActiveCfg = Release|Any CPU
		{8BC8E093-FF54-401F-896E-D3E90F03A99F}.Release|Any CPU.Build.0 = Release|Any CPU
		{A185B74C-2346-426E-8039-3FDDD674947A}.Debug|Any CPU.ActiveCfg = Debug|Any CPU
		{A185B74C-2346-426E-8039-3FDDD674947A}.Debug|Any CPU.Build.0 = Debug|Any CPU
		{A185B74C-2346-426E-8039-3FDDD674947A}.Release|Any CPU.ActiveCfg = Release|Any CPU
		{A185B74C-2346-426E-8039-3FDDD674947A}.Release|Any CPU.Build.0 = Release|Any CPU
		{1D299DF8-A12B-4651-BA76-CBE1E1E57D93}.Debug|Any CPU.ActiveCfg = Debug|Any CPU
		{1D299DF8-A12B-4651-BA76-CBE1E1E57D93}.Debug|Any CPU.Build.0 = Debug|Any CPU
		{1D299DF8-A12B-4651-BA76-CBE1E1E57D93}.Release|Any CPU.ActiveCfg = Release|Any CPU
		{1D299DF8-A12B-4651-BA76-CBE1E1E57D93}.Release|Any CPU.Build.0 = Release|Any CPU
		{C4AC2563-7323-46EC-817F-E8D16B271BBA}.Debug|Any CPU.ActiveCfg = Debug|Any CPU
		{C4AC2563-7323-46EC-817F-E8D16B271BBA}.Debug|Any CPU.Build.0 = Debug|Any CPU
		{C4AC2563-7323-46EC-817F-E8D16B271BBA}.Release|Any CPU.ActiveCfg = Release|Any CPU
		{C4AC2563-7323-46EC-817F-E8D16B271BBA}.Release|Any CPU.Build.0 = Release|Any CPU
		{6BA5138C-28C9-4967-B8C8-AC29576A4870}.Debug|Any CPU.ActiveCfg = Debug|Any CPU
		{6BA5138C-28C9-4967-B8C8-AC29576A4870}.Debug|Any CPU.Build.0 = Debug|Any CPU
		{6BA5138C-28C9-4967-B8C8-AC29576A4870}.Release|Any CPU.ActiveCfg = Release|Any CPU
		{6BA5138C-28C9-4967-B8C8-AC29576A4870}.Release|Any CPU.Build.0 = Release|Any CPU
		{A1F99F75-BCA6-4C4A-A822-46D2CC1ACB20}.Debug|Any CPU.ActiveCfg = Debug|Any CPU
		{A1F99F75-BCA6-4C4A-A822-46D2CC1ACB20}.Debug|Any CPU.Build.0 = Debug|Any CPU
		{A1F99F75-BCA6-4C4A-A822-46D2CC1ACB20}.Release|Any CPU.ActiveCfg = Release|Any CPU
		{A1F99F75-BCA6-4C4A-A822-46D2CC1ACB20}.Release|Any CPU.Build.0 = Release|Any CPU
	EndGlobalSection
	GlobalSection(SolutionProperties) = preSolution
		HideSolutionNode = FALSE
	EndGlobalSection
	GlobalSection(ExtensibilityGlobals) = postSolution
		SolutionGuid = {071065C3-F6E0-4D63-B0FE-BBB5AF336E72}
	EndGlobalSection
EndGlobal
