
Microsoft Visual Studio Solution File, Format Version 12.00
# Visual Studio 15
VisualStudioVersion = 15.0.28010.2026
MinimumVisualStudioVersion = 10.0.40219.1
Project("{9A19103F-16F7-4668-BE54-9A1E7A4F7556}") = "Domain", "Domain\Domain.csproj", "{A185B74C-2346-426E-8039-3FDDD674947A}"
EndProject
Project("{9A19103F-16F7-4668-BE54-9A1E7A4F7556}") = "WebService.Service", "WebService.Service\WebService.Service.csproj", "{C4AC2563-7323-46EC-817F-E8D16B271BBA}"
EndProject
Project("{9A19103F-16F7-4668-BE54-9A1E7A4F7556}") = "WebService.Interfaces", "WebService.Interfaces\WebService.Interfaces.csproj", "{6BA5138C-28C9-4967-B8C8-AC29576A4870}"
EndProject
Project("{9A19103F-16F7-4668-BE54-9A1E7A4F7556}") = "Data", "Data\Data.csproj", "{A1F99F75-BCA6-4C4A-A822-46D2CC1ACB20}"
EndProject
Project("{9A19103F-16F7-4668-BE54-9A1E7A4F7556}") = "WebService.Test", "WebService.Test\WebService.Test.csproj", "{B8C4ACDC-5FCE-4C40-97CF-F4EDE12BB7FE}"
EndProject
Project("{9A19103F-16F7-4668-BE54-9A1E7A4F7556}") = "TestApp", "TestApp\TestApp.csproj", "{D796E810-A0A6-4966-8B67-E79CD9658899}"
EndProject
Global
	GlobalSection(SolutionConfigurationPlatforms) = preSolution
		Debug|Any CPU = Debug|Any CPU
		Release|Any CPU = Release|Any CPU
	EndGlobalSection
	GlobalSection(ProjectConfigurationPlatforms) = postSolution
		{A185B74C-2346-426E-8039-3FDDD674947A}.Debug|Any CPU.ActiveCfg = Debug|Any CPU
		{A185B74C-2346-426E-8039-3FDDD674947A}.Debug|Any CPU.Build.0 = Debug|Any CPU
		{A185B74C-2346-426E-8039-3FDDD674947A}.Release|Any CPU.ActiveCfg = Release|Any CPU
		{A185B74C-2346-426E-8039-3FDDD674947A}.Release|Any CPU.Build.0 = Release|Any CPU
		{C4AC2563-7323-46EC-817F-E8D16B271BBA}.Debug|Any CPU.ActiveCfg = Debug|Any CPU
		{C4AC2563-7323-46EC-817F-E8D16B271BBA}.Debug|Any CPU.Build.0 = Debug|Any CPU
		{C4AC2563-7323-46EC-817F-E8D16B271BBA}.Release|Any CPU.ActiveCfg = Release|Any CPU
		{C4AC2563-7323-46EC-817F-E8D16B271BBA}.Release|Any CPU.Build.0 = Release|Any CPU
		{6BA5138C-28C9-4967-B8C8-AC29576A4870}.Debug|Any CPU.ActiveCfg = Debug|Any CPU
		{6BA5138C-28C9-4967-B8C8-AC29576A4870}.Debug|Any CPU.Build.0 = Debug|Any CPU
		{6BA5138C-28C9-4967-B8C8-AC29576A4870}.Release|Any CPU.ActiveCfg = Release|Any CPU
		{6BA5138C-28C9-4967-B8C8-AC29576A4870}.Release|Any CPU.Build.0 = Release|Any CPU
		{A1F99F75-BCA6-4C4A-A822-46D2CC1ACB20}.Debug|Any CPU.ActiveCfg = Debug|Any CPU
		{A1F99F75-BCA6-4C4A-A822-46D2CC1ACB20}.Debug|Any CPU.Build.0 = Debug|Any CPU
		{A1F99F75-BCA6-4C4A-A822-46D2CC1ACB20}.Release|Any CPU.ActiveCfg = Release|Any CPU
		{A1F99F75-BCA6-4C4A-A822-46D2CC1ACB20}.Release|Any CPU.Build.0 = Release|Any CPU
		{B8C4ACDC-5FCE-4C40-97CF-F4EDE12BB7FE}.Debug|Any CPU.ActiveCfg = Debug|Any CPU
		{B8C4ACDC-5FCE-4C40-97CF-F4EDE12BB7FE}.Debug|Any CPU.Build.0 = Debug|Any CPU
		{B8C4ACDC-5FCE-4C40-97CF-F4EDE12BB7FE}.Release|Any CPU.ActiveCfg = Release|Any CPU
		{B8C4ACDC-5FCE-4C40-97CF-F4EDE12BB7FE}.Release|Any CPU.Build.0 = Release|Any CPU
		{D796E810-A0A6-4966-8B67-E79CD9658899}.Debug|Any CPU.ActiveCfg = Debug|Any CPU
		{D796E810-A0A6-4966-8B67-E79CD9658899}.Debug|Any CPU.Build.0 = Debug|Any CPU
		{D796E810-A0A6-4966-8B67-E79CD9658899}.Release|Any CPU.ActiveCfg = Release|Any CPU
		{D796E810-A0A6-4966-8B67-E79CD9658899}.Release|Any CPU.Build.0 = Release|Any CPU
	EndGlobalSection
	GlobalSection(SolutionProperties) = preSolution
		HideSolutionNode = FALSE
	EndGlobalSection
	GlobalSection(ExtensibilityGlobals) = postSolution
		SolutionGuid = {071065C3-F6E0-4D63-B0FE-BBB5AF336E72}
	EndGlobalSection
EndGlobal
